{
  "name": "@pancakeswap/blog",
  "version": "0.0.1",
  "lockfileVersion": 1,
  "requires": true,
  "dependencies": {
    "@types/lodash": {
      "version": "4.14.186",
      "dev": true
    },
    "@types/qs": {
      "version": "6.9.9",
      "resolved": "https://registry.npmjs.org/@types/qs/-/qs-6.9.9.tgz",
      "integrity": "sha512-wYLxw35euwqGvTDx6zfY1vokBFnsK0HNrzc6xNHchxfO2hpuRg74GbkEW7e3sSmPvj0TjCDT1VCa6OtHXnubsg==",
      "dev": true
    },
    "lodash": {
      "version": "4.17.21"
    },
    "qs": {
      "version": "6.5.3"
    },
    "typescript": {
      "version": "5.1.3",
      "dev": true
    },
    "vitest": {
      "version": "0.27.2",
      "dev": true,
      "requires": {
        "@types/chai": "4.3.9",
        "@types/chai-subset": "1.3.4",
        "@types/node": "20.8.9",
        "acorn": "8.11.2",
        "acorn-walk": "8.3.0",
        "cac": "6.7.14",
        "chai": "4.3.10",
        "debug": "4.3.4",
        "local-pkg": "0.4.3",
        "picocolors": "1.0.0",
        "source-map": "0.6.1",
        "strip-literal": "1.3.0",
        "tinybench": "2.5.1",
        "tinypool": "0.3.1",
        "tinyspy": "1.1.1",
        "vite": "4.5.0",
        "vite-node": "0.27.2",
        "why-is-node-running": "2.2.2"
      },
      "dependencies": {
        "@esbuild/darwin-x64": {
          "version": "0.18.20",
          "bundled": true,
          "dev": true,
          "optional": true
        },
        "@types/chai": {
          "version": "4.3.9",
          "bundled": true,
          "dev": true
        },
        "@types/chai-subset": {
          "version": "1.3.4",
          "bundled": true,
          "dev": true,
          "requires": {
            "@types/chai": "4.3.9"
          }
        },
        "@types/node": {
          "version": "20.8.9",
          "bundled": true,
          "dev": true,
          "requires": {
            "undici-types": "5.26.5"
          }
        },
        "acorn": {
          "version": "8.11.2",
          "bundled": true,
          "dev": true
        },
        "acorn-walk": {
          "version": "8.3.0",
          "bundled": true,
          "dev": true
        },
        "assertion-error": {
          "version": "1.1.0",
          "bundled": true,
          "dev": true
        },
        "buffer-from": {
          "version": "1.1.2",
          "bundled": true,
          "dev": true
        },
        "cac": {
          "version": "6.7.14",
          "bundled": true,
          "dev": true
        },
        "chai": {
          "version": "4.3.10",
          "bundled": true,
          "dev": true,
          "requires": {
            "assertion-error": "1.1.0",
            "check-error": "1.0.3",
            "deep-eql": "4.1.3",
            "get-func-name": "2.0.2",
            "loupe": "2.3.7",
            "pathval": "1.1.1",
            "type-detect": "4.0.8"
          }
        },
        "check-error": {
          "version": "1.0.3",
          "bundled": true,
          "dev": true,
          "requires": {
            "get-func-name": "2.0.2"
          }
        },
        "debug": {
          "version": "4.3.4",
          "bundled": true,
          "dev": true,
          "requires": {
            "ms": "2.1.2"
          }
        },
        "deep-eql": {
          "version": "4.1.3",
          "bundled": true,
          "dev": true,
          "requires": {
            "type-detect": "4.0.8"
          }
        },
        "esbuild": {
          "version": "0.18.20",
          "bundled": true,
          "dev": true,
          "requires": {
            "@esbuild/darwin-x64": "0.18.20"
          }
        },
        "fsevents": {
          "version": "2.3.3",
          "bundled": true,
          "dev": true,
          "optional": true
        },
        "get-func-name": {
          "version": "2.0.2",
          "bundled": true,
          "dev": true
        },
        "jsonc-parser": {
          "version": "3.2.0",
          "bundled": true,
          "dev": true
        },
        "local-pkg": {
          "version": "0.4.3",
          "bundled": true,
          "dev": true
        },
        "loupe": {
          "version": "2.3.7",
          "bundled": true,
          "dev": true,
          "requires": {
            "get-func-name": "2.0.2"
          }
        },
        "mlly": {
          "version": "1.4.2",
          "bundled": true,
          "dev": true,
          "requires": {
            "acorn": "8.11.2",
            "pathe": "1.1.1",
            "pkg-types": "1.0.3",
            "ufo": "1.3.1"
          },
          "dependencies": {
            "pathe": {
              "version": "1.1.1",
              "bundled": true,
              "dev": true
            }
          }
        },
        "ms": {
          "version": "2.1.2",
          "bundled": true,
          "dev": true
        },
        "nanoid": {
          "version": "3.3.6",
          "bundled": true,
          "dev": true
        },
        "pathe": {
          "version": "0.2.0",
          "bundled": true,
          "dev": true
        },
        "pathval": {
          "version": "1.1.1",
          "bundled": true,
          "dev": true
        },
        "picocolors": {
          "version": "1.0.0",
          "bundled": true,
          "dev": true
        },
        "pkg-types": {
          "version": "1.0.3",
          "bundled": true,
          "dev": true,
          "requires": {
            "jsonc-parser": "3.2.0",
            "mlly": "1.4.2",
            "pathe": "1.1.1"
          },
          "dependencies": {
            "pathe": {
              "version": "1.1.1",
              "bundled": true,
              "dev": true
            }
          }
        },
        "postcss": {
          "version": "8.4.31",
          "bundled": true,
          "dev": true,
          "requires": {
            "nanoid": "3.3.6",
            "picocolors": "1.0.0",
            "source-map-js": "1.0.2"
          }
        },
        "rollup": {
          "version": "3.29.4",
          "bundled": true,
          "dev": true,
          "requires": {
            "fsevents": "2.3.3"
          }
        },
        "siginfo": {
          "version": "2.0.0",
          "bundled": true,
          "dev": true
        },
        "source-map": {
          "version": "0.6.1",
          "bundled": true,
          "dev": true
        },
        "source-map-js": {
          "version": "1.0.2",
          "bundled": true,
          "dev": true
        },
        "source-map-support": {
          "version": "0.5.21",
          "bundled": true,
          "dev": true,
          "requires": {
            "buffer-from": "1.1.2",
            "source-map": "0.6.1"
          }
        },
        "stackback": {
          "version": "0.0.2",
          "bundled": true,
          "dev": true
        },
        "strip-literal": {
          "version": "1.3.0",
          "bundled": true,
          "dev": true,
          "requires": {
            "acorn": "8.11.2"
          }
        },
        "tinybench": {
          "version": "2.5.1",
          "bundled": true,
          "dev": true
        },
        "tinypool": {
          "version": "0.3.1",
          "bundled": true,
          "dev": true
        },
        "tinyspy": {
          "version": "1.1.1",
          "bundled": true,
          "dev": true
        },
        "type-detect": {
          "version": "4.0.8",
          "bundled": true,
          "dev": true
        },
        "ufo": {
          "version": "1.3.1",
          "bundled": true,
          "dev": true
        },
        "undici-types": {
          "version": "5.26.5",
          "bundled": true,
          "dev": true
        },
        "vite": {
          "version": "4.5.0",
          "bundled": true,
          "dev": true,
          "requires": {
            "esbuild": "0.18.20",
            "fsevents": "2.3.3",
            "postcss": "8.4.31",
            "rollup": "3.29.4"
          }
        },
        "vite-node": {
          "version": "0.27.2",
          "bundled": true,
          "dev": true,
          "requires": {
            "cac": "6.7.14",
            "debug": "4.3.4",
            "mlly": "1.4.2",
            "pathe": "0.2.0",
            "picocolors": "1.0.0",
            "source-map": "0.6.1",
            "source-map-support": "0.5.21",
            "vite": "4.5.0"
          }
        },
        "why-is-node-running": {
          "version": "2.2.2",
          "bundled": true,
          "dev": true,
          "requires": {
            "siginfo": "2.0.0",
            "stackback": "0.0.2"
          }
        }
      }
    }
  }
}
